{
    "_readme": [
        "This file locks the dependencies of your project to a known state",
        "Read more about it at http://getcomposer.org/doc/01-basic-usage.md#composer-lock-the-lock-file",
        "This file is @generated automatically"
    ],
    "hash": "d1e1d39be036377a06a3f66d65b7ba48",
    "packages": [
        {
            "name": "corneltek/class-template",
            "version": "1.4.2",
            "source": {
                "type": "git",
                "url": "https://github.com/c9s/ClassTemplate.git",
                "reference": "3b409455373cb4e0283b42fa8e6cd3fac328c6a7"
            },
            "dist": {
                "type": "zip",
                "url": "https://api.github.com/repos/c9s/ClassTemplate/zipball/3b409455373cb4e0283b42fa8e6cd3fac328c6a7",
                "reference": "3b409455373cb4e0283b42fa8e6cd3fac328c6a7",
                "shasum": ""
            },
            "require": {
                "php": ">=5.3.0",
                "twig/twig": "~1"
            },
            "require-dev": {
                "corneltek/phpunit-testmore": "dev-master"
            },
            "type": "library",
            "autoload": {
                "psr-4": {
                    "ClassTemplate\\": "src/ClassTemplate/"
                }
            },
            "notification-url": "https://packagist.org/downloads/",
            "license": [
                "MIT"
            ],
            "authors": [
                {
                    "name": "Yo-An Lin",
                    "email": "yoanlin93@gmail.com",
                    "homepage": "http://c9s.me"
                }
            ],
            "description": "Class template Utilities",
            "homepage": "http://github.com/c9s/ClassTemplate",
            "time": "2014-10-03 17:01:46"
        },
        {
            "name": "corneltek/cliframework",
            "version": "dev-master",
            "source": {
                "type": "git",
                "url": "https://github.com/c9s/CLIFramework.git",
                "reference": "a9290da57e1cb73c0a089591851e0d94a8f6971d"
            },
            "dist": {
                "type": "zip",
                "url": "https://api.github.com/repos/c9s/CLIFramework/zipball/a9290da57e1cb73c0a089591851e0d94a8f6971d",
                "reference": "a9290da57e1cb73c0a089591851e0d94a8f6971d",
                "shasum": ""
            },
            "require": {
                "corneltek/class-template": "~1.4",
                "corneltek/getoptionkit": "~2",
                "php": ">=5.3.0"
            },
            "require-dev": {
                "corneltek/phpunit-testmore": "dev-master",
                "satooshi/php-coveralls": "dev-master"
            },
            "type": "library",
            "autoload": {
                "psr-0": {
                    "CLIFramework": "src"
                }
            },
            "notification-url": "https://packagist.org/downloads/",
            "license": [
                "MIT"
            ],
            "authors": [
                {
                    "name": "Yo-An Lin",
                    "email": "cornelius.howl@gmail.com",
                    "homepage": "http://c9s.me"
                }
            ],
            "description": "Command-line framework for PHP",
            "homepage": "http://github.com/c9s/CLIFramework",
            "time": "2014-12-31 03:58:04"
        },
        {
            "name": "corneltek/getoptionkit",
            "version": "2.0.11",
            "source": {
                "type": "git",
                "url": "https://github.com/c9s/GetOptionKit.git",
                "reference": "13a146e0f7b9161977332279dff894fa28c53168"
            },
            "dist": {
                "type": "zip",
                "url": "https://api.github.com/repos/c9s/GetOptionKit/zipball/13a146e0f7b9161977332279dff894fa28c53168",
                "reference": "13a146e0f7b9161977332279dff894fa28c53168",
                "shasum": ""
            },
            "require": {
                "php": ">=5.3.0"
            },
            "require-dev": {
                "corneltek/phpunit-testmore": "dev-master",
                "satooshi/php-coveralls": "dev-master"
            },
            "type": "library",
            "autoload": {
                "psr-0": {
                    "GetOptionKit": "src"
                }
            },
            "notification-url": "https://packagist.org/downloads/",
            "license": [
                "MIT"
            ],
            "authors": [
                {
                    "name": "Yo-An Lin",
                    "email": "cornelius.howl@gmail.com",
                    "homepage": "http://c9s.me"
                }
            ],
            "description": "Powerful command-line option toolkit",
            "homepage": "http://github.com/c9s/GetOptionKit",
            "time": "2014-11-21 03:28:57"
        },
        {
            "name": "twig/twig",
            "version": "dev-master",
            "source": {
                "type": "git",
                "url": "https://github.com/twigphp/Twig.git",
                "reference": "74a8bddec4e8fbea8b3f497bc7cc4bdf1a498330"
            },
            "dist": {
                "type": "zip",
                "url": "https://api.github.com/repos/twigphp/Twig/zipball/74a8bddec4e8fbea8b3f497bc7cc4bdf1a498330",
                "reference": "74a8bddec4e8fbea8b3f497bc7cc4bdf1a498330",
                "shasum": ""
            },
            "require": {
                "php": ">=5.2.7"
            },
            "type": "library",
            "extra": {
                "branch-alias": {
                    "dev-master": "1.18-dev"
                }
            },
            "autoload": {
                "psr-0": {
                    "Twig_": "lib/"
                }
            },
            "notification-url": "https://packagist.org/downloads/",
            "license": [
                "BSD-3-Clause"
            ],
            "authors": [
                {
                    "name": "Fabien Potencier",
                    "email": "fabien@symfony.com",
                    "homepage": "http://fabien.potencier.org",
                    "role": "Lead Developer"
                },
                {
                    "name": "Armin Ronacher",
                    "email": "armin.ronacher@active-4.com",
                    "role": "Project Founder"
                },
                {
                    "name": "Twig Team",
                    "homepage": "http://twig.sensiolabs.org/contributors",
                    "role": "Contributors"
                }
            ],
            "description": "Twig, the flexible, fast, and secure template language for PHP",
            "homepage": "http://twig.sensiolabs.org",
            "keywords": [
                "templating"
            ],
            "time": "2015-01-30 11:04:23"
        }
    ],
    "packages-dev": [],
    "aliases": [],
    "minimum-stability": "dev",
    "stability-flags": [],
    "prefer-stable": false,
    "prefer-lowest": false,
    "platform": {
        "php": ">=5.4.0"
    },
    "platform-dev": []
}
